
Microsoft Visual Studio Solution File, Format Version 12.00
# Visual Studio Version 17
VisualStudioVersion = 17.14.36511.14 d17.14
MinimumVisualStudioVersion = 10.0.40219.1
Project("{FAE04EC0-301F-11D3-BF4B-00C04F79EFBC}") = "Restaurant System", "Restaurant System\Restaurant System.csproj", "{A23FFBFA-E4B3-486C-B7A0-EAEE8C5D6BBB}"
EndProject
Project("{2150E333-8FDC-42A3-9474-1A3956D46DE8}") = "Data_Access_Layer", "Data_Access_Layer", "{02EA681E-C7D8-13C7-8484-4AC65E1B71E8}"
EndProject
Project("{2150E333-8FDC-42A3-9474-1A3956D46DE8}") = "Business_Layer", "Business_Layer", "{D489481B-B999-4CC2-A24E-FFBCEB1B1570}"
EndProject
Project("{2150E333-8FDC-42A3-9474-1A3956D46DE8}") = "Connection_String_Layer", "Connection_String_Layer", "{401F656D-0ACC-433A-8CE8-95738EA5B37D}"
EndProject
Project("{2150E333-8FDC-42A3-9474-1A3956D46DE8}") = "Global_Classes", "Global_Classes", "{EB732AD7-55BF-484A-BF5F-FD228F0E6F32}"
EndProject
Global
	GlobalSection(SolutionConfigurationPlatforms) = preSolution
		Debug|Any CPU = Debug|Any CPU
		Release|Any CPU = Release|Any CPU
	EndGlobalSection
	GlobalSection(ProjectConfigurationPlatforms) = postSolution
		{A23FFBFA-E4B3-486C-B7A0-EAEE8C5D6BBB}.Debug|Any CPU.ActiveCfg = Debug|Any CPU
		{A23FFBFA-E4B3-486C-B7A0-EAEE8C5D6BBB}.Debug|Any CPU.Build.0 = Debug|Any CPU
		{A23FFBFA-E4B3-486C-B7A0-EAEE8C5D6BBB}.Release|Any CPU.ActiveCfg = Release|Any CPU
		{A23FFBFA-E4B3-486C-B7A0-EAEE8C5D6BBB}.Release|Any CPU.Build.0 = Release|Any CPU
	EndGlobalSection
	GlobalSection(SolutionProperties) = preSolution
		HideSolutionNode = FALSE
	EndGlobalSection
	GlobalSection(ExtensibilityGlobals) = postSolution
		SolutionGuid = {2ED6B1E4-43A5-47DD-8ED7-E3C4EE979FCE}
	EndGlobalSection
EndGlobal
